{
  "name": "my-sls-project",
  "version": "1.0.0",
  "lockfileVersion": 1,
  "requires": true,
  "dependencies": {
    "test-package": {
      "version": "git+https://github.com/jayair/test-package.git#7a9397745066f03c012dfe944facf77d8f7618d9",
      "from": "git+https://github.com/jayair/test-package.git"
    }
  }
}
